
Microsoft Visual Studio Solution File, Format Version 12.00
# Visual Studio Version 17
VisualStudioVersion = 17.0.32126.317
MinimumVisualStudioVersion = 10.0.40219.1
Project("{FAE04EC0-301F-11D3-BF4B-00C04F79EFBC}") = "WindowsFormsApp3", "WindowsFormsApp3\WindowsFormsApp3.csproj", "{1C512DFF-AA47-40C6-B33C-2F3CBF7E0998}"
EndProject
Global
	GlobalSection(SolutionConfigurationPlatforms) = preSolution
		Debug|Any CPU = Debug|Any CPU
		Release|Any CPU = Release|Any CPU
	EndGlobalSection
	GlobalSection(ProjectConfigurationPlatforms) = postSolution
		{1C512DFF-AA47-40C6-B33C-2F3CBF7E0998}.Debug|Any CPU.ActiveCfg = Debug|Any CPU
		{1C512DFF-AA47-40C6-B33C-2F3CBF7E0998}.Debug|Any CPU.Build.0 = Debug|Any CPU
		{1C512DFF-AA47-40C6-B33C-2F3CBF7E0998}.Release|Any CPU.ActiveCfg = Release|Any CPU
		{1C512DFF-AA47-40C6-B33C-2F3CBF7E0998}.Release|Any CPU.Build.0 = Release|Any CPU
	EndGlobalSection
	GlobalSection(SolutionProperties) = preSolution
		HideSolutionNode = FALSE
	EndGlobalSection
	GlobalSection(ExtensibilityGlobals) = postSolution
		SolutionGuid = {42CCB686-69FA-4C70-98EA-B3F59599B0DA}
	EndGlobalSection
EndGlobal
